dependencies:
- name: apigatewayv2-chart
  repository: https://chart-addons.getporter.dev
  version: 1.0.6
- name: applicationautoscaling-chart
  repository: https://chart-addons.getporter.dev
  version: 1.0.8
- name: cloudtrail-chart
  repository: https://chart-addons.getporter.dev
  version: 1.0.5
- name: dynamodb-chart
  repository: https://chart-addons.getporter.dev
  version: 1.2.3
- name: ec2-chart
  repository: https://chart-addons.getporter.dev
  version: 1.0.7
- name: ecr-chart
  repository: https://chart-addons.getporter.dev
  version: 1.0.9
- name: eks-chart
  repository: https://chart-addons.getporter.dev
  version: 1.0.5
- name: emrcontainers-chart
  repository: https://chart-addons.getporter.dev
  version: 1.0.4
- name: eventbridge-chart
  repository: https://chart-addons.getporter.dev
  version: 1.0.4
- name: iam-chart
  repository: https://chart-addons.getporter.dev
  version: 1.2.6
- name: kms-chart
  repository: https://chart-addons.getporter.dev
  version: 1.0.7
- name: lambda-chart
  repository: https://chart-addons.getporter.dev
  version: 1.3.4
- name: memorydb-chart
  repository: https://chart-addons.getporter.dev
  version: 1.0.2
- name: pipes-chart
  repository: https://chart-addons.getporter.dev
  version: 1.0.2
- name: prometheusservice-chart
  repository: https://chart-addons.getporter.dev
  version: 1.2.5
- name: rds-chart
  repository: https://chart-addons.getporter.dev
  version: 1.1.7
- name: s3-chart
  repository: https://chart-addons.getporter.dev
  version: 1.0.6
- name: sagemaker-chart
  repository: https://chart-addons.getporter.dev
  version: 1.2.4
- name: sfn-chart
  repository: https://chart-addons.getporter.dev
  version: 1.0.5
- name: sns-chart
  repository: https://chart-addons.getporter.dev
  version: 1.0.5
- name: sqs-chart
  repository: https://chart-addons.getporter.dev
  version: 1.0.6
digest: sha256:5952da9d2455bff8918872f4704d264ecff88ef9044e7f1c248eafedf452f6cc
generated: "2023-10-21T05:52:19.951846231Z"
