dependencies:
- name: apigatewayv2-chart
  repository: https://chart-addons.getporter.dev
  version: 1.0.6
- name: applicationautoscaling-chart
  repository: https://chart-addons.getporter.dev
  version: 1.0.8
- name: cloudtrail-chart
  repository: https://chart-addons.getporter.dev
  version: 1.0.5
- name: dynamodb-chart
  repository: https://chart-addons.getporter.dev
  version: 1.2.4
- name: ec2-chart
  repository: https://chart-addons.getporter.dev
  version: 1.0.7
- name: ecr-chart
  repository: https://chart-addons.getporter.dev
  version: 1.0.9
- name: eks-chart
  repository: https://chart-addons.getporter.dev
  version: 1.0.5
- name: emrcontainers-chart
  repository: https://chart-addons.getporter.dev
  version: 1.0.4
- name: eventbridge-chart
  repository: https://chart-addons.getporter.dev
  version: 1.0.4
- name: iam-chart
  repository: https://chart-addons.getporter.dev
  version: 1.3.0
- name: kms-chart
  repository: https://chart-addons.getporter.dev
  version: 1.0.7
- name: lambda-chart
  repository: https://chart-addons.getporter.dev
  version: 1.3.4
- name: memorydb-chart
  repository: https://chart-addons.getporter.dev
  version: 1.0.2
- name: pipes-chart
  repository: https://chart-addons.getporter.dev
  version: 1.0.2
- name: prometheusservice-chart
  repository: https://chart-addons.getporter.dev
  version: 1.2.5
- name: rds-chart
  repository: https://chart-addons.getporter.dev
  version: 1.1.8
- name: s3-chart
  repository: https://chart-addons.getporter.dev
  version: 1.0.6
- name: sagemaker-chart
  repository: https://chart-addons.getporter.dev
  version: 1.2.4
- name: sfn-chart
  repository: https://chart-addons.getporter.dev
  version: 1.0.5
- name: sns-chart
  repository: https://chart-addons.getporter.dev
  version: 1.0.5
- name: sqs-chart
  repository: https://chart-addons.getporter.dev
  version: 1.0.6
digest: sha256:ac8c20c02fbac7c3f460fc51733188659c5d15f152327fd972293ee0a8fa3c26
generated: "2023-11-20T18:36:29.666770276Z"
